
Microsoft Visual Studio Solution File, Format Version 12.00
# Visual Studio Version 17
VisualStudioVersion = 17.14.37111.16
MinimumVisualStudioVersion = 10.0.40219.1
Project("{FAE04EC0-301F-11D3-BF4B-00C04F79EFBC}") = "TerralexAPP", "TerralexAPP\TerralexAPP.csproj", "{5D07FC1E-BAA3-488C-A616-845D390DBE97}"
EndProject
Project("{FAE04EC0-301F-11D3-BF4B-00C04F79EFBC}") = "DBGetCodeFirst", "DBGetCodeFirst\DBGetCodeFirst.csproj", "{4125CD0C-D76A-417D-BDB7-61C6848CA929}"
EndProject
Project("{FAE04EC0-301F-11D3-BF4B-00C04F79EFBC}") = "IdentityWaizrd", "IdentityWaizrd\IdentityWaizrd.csproj", "{58898B4B-AF84-40CF-9DDF-98E3CFF53B42}"
EndProject
Global
	GlobalSection(SolutionConfigurationPlatforms) = preSolution
		Debug|Any CPU = Debug|Any CPU
		Release|Any CPU = Release|Any CPU
	EndGlobalSection
	GlobalSection(ProjectConfigurationPlatforms) = postSolution
		{5D07FC1E-BAA3-488C-A616-845D390DBE97}.Debug|Any CPU.ActiveCfg = Debug|Any CPU
		{5D07FC1E-BAA3-488C-A616-845D390DBE97}.Debug|Any CPU.Build.0 = Debug|Any CPU
		{5D07FC1E-BAA3-488C-A616-845D390DBE97}.Release|Any CPU.ActiveCfg = Release|Any CPU
		{5D07FC1E-BAA3-488C-A616-845D390DBE97}.Release|Any CPU.Build.0 = Release|Any CPU
		{4125CD0C-D76A-417D-BDB7-61C6848CA929}.Debug|Any CPU.ActiveCfg = Debug|Any CPU
		{4125CD0C-D76A-417D-BDB7-61C6848CA929}.Debug|Any CPU.Build.0 = Debug|Any CPU
		{4125CD0C-D76A-417D-BDB7-61C6848CA929}.Release|Any CPU.ActiveCfg = Release|Any CPU
		{4125CD0C-D76A-417D-BDB7-61C6848CA929}.Release|Any CPU.Build.0 = Release|Any CPU
		{58898B4B-AF84-40CF-9DDF-98E3CFF53B42}.Debug|Any CPU.ActiveCfg = Debug|Any CPU
		{58898B4B-AF84-40CF-9DDF-98E3CFF53B42}.Debug|Any CPU.Build.0 = Debug|Any CPU
		{58898B4B-AF84-40CF-9DDF-98E3CFF53B42}.Release|Any CPU.ActiveCfg = Release|Any CPU
		{58898B4B-AF84-40CF-9DDF-98E3CFF53B42}.Release|Any CPU.Build.0 = Release|Any CPU
	EndGlobalSection
	GlobalSection(SolutionProperties) = preSolution
		HideSolutionNode = FALSE
	EndGlobalSection
	GlobalSection(ExtensibilityGlobals) = postSolution
		SolutionGuid = {378DCC98-C0BD-48C2-B852-7845CA9EC30C}
	EndGlobalSection
EndGlobal
